
Microsoft Visual Studio Solution File, Format Version 12.00
# Visual Studio Version 16
VisualStudioVersion = 16.0.30611.23
MinimumVisualStudioVersion = 10.0.40219.1
Project("{FAE04EC0-301F-11D3-BF4B-00C04F79EFBC}") = "advent", "advent\advent.csproj", "{BA0B9DCF-5CB8-459E-8CE2-52AF939AA2CB}"
EndProject
Global
	GlobalSection(SolutionConfigurationPlatforms) = preSolution
		Debug|Any CPU = Debug|Any CPU
		Release|Any CPU = Release|Any CPU
	EndGlobalSection
	GlobalSection(ProjectConfigurationPlatforms) = postSolution
		{BA0B9DCF-5CB8-459E-8CE2-52AF939AA2CB}.Debug|Any CPU.ActiveCfg = Debug|Any CPU
		{BA0B9DCF-5CB8-459E-8CE2-52AF939AA2CB}.Debug|Any CPU.Build.0 = Debug|Any CPU
		{BA0B9DCF-5CB8-459E-8CE2-52AF939AA2CB}.Release|Any CPU.ActiveCfg = Release|Any CPU
		{BA0B9DCF-5CB8-459E-8CE2-52AF939AA2CB}.Release|Any CPU.Build.0 = Release|Any CPU
	EndGlobalSection
	GlobalSection(SolutionProperties) = preSolution
		HideSolutionNode = FALSE
	EndGlobalSection
	GlobalSection(ExtensibilityGlobals) = postSolution
		SolutionGuid = {967A0714-A1D2-49D6-B163-89C79094BC15}
	EndGlobalSection
EndGlobal
